
Microsoft Visual Studio Solution File, Format Version 12.00
# Visual Studio Version 17
VisualStudioVersion = 17.5.33627.172
MinimumVisualStudioVersion = 10.0.40219.1
Project("{9A19103F-16F7-4668-BE54-9A1E7A4F7556}") = "1-OlaMundo", "1-OlaMundo\1-OlaMundo.csproj", "{56D1EB7C-C622-467E-987A-A447DA017C51}"
EndProject
Project("{9A19103F-16F7-4668-BE54-9A1E7A4F7556}") = "2-CriandoVariaveis", "2-CriandoVariaveis\2-CriandoVariaveis.csproj", "{FEC94881-C7C1-45AB-AD1C-D670AE84E80F}"
EndProject
Project("{9A19103F-16F7-4668-BE54-9A1E7A4F7556}") = "3-CriandoVariaveisPontoFlutuante", "3-CriandoVariaveisPontoFlutuante\3-CriandoVariaveisPontoFlutuante.csproj", "{621582FA-A654-4783-A21D-44E868DEBB52}"
EndProject
Project("{9A19103F-16F7-4668-BE54-9A1E7A4F7556}") = "4-ConversoesEOutrosTipos", "4-ConversoesEOutrosTipos\4-ConversoesEOutrosTipos.csproj", "{DF2662CC-E6FE-4059-82FD-A446947D6CBF}"
EndProject
Project("{9A19103F-16F7-4668-BE54-9A1E7A4F7556}") = "5- CaracteresETextos", "5- CaracteresETextos\5- CaracteresETextos.csproj", "{3E4663DD-65C1-4B79-8311-04A4C2E4B869}"
EndProject
Project("{9A19103F-16F7-4668-BE54-9A1E7A4F7556}") = "6-AtribuicoesDeVariaveis", "6-AtribuicoesDeVariaveis\6-AtribuicoesDeVariaveis.csproj", "{4252A927-383E-4B86-B8D7-BB52D63E6D30}"
EndProject
Project("{9A19103F-16F7-4668-BE54-9A1E7A4F7556}") = "7-Condicionais", "7-Condicionais\7-Condicionais.csproj", "{449AAC3E-BB03-4428-A6F0-133E237412E2}"
EndProject
Project("{9A19103F-16F7-4668-BE54-9A1E7A4F7556}") = "8-Condicionais2", "8-Condicionais2\8-Condicionais2.csproj", "{7D25E119-4AB2-4309-84DE-EA609CC2D089}"
EndProject
Project("{9A19103F-16F7-4668-BE54-9A1E7A4F7556}") = "9-Escopo", "9-Escopo\9-Escopo.csproj", "{1955D802-9FD6-4B70-AB32-DC1D6FAF1606}"
EndProject
Project("{9A19103F-16F7-4668-BE54-9A1E7A4F7556}") = "DesafioIRPF", "DesafioIRPF\DesafioIRPF.csproj", "{09BD4507-A9F3-42A9-BBE4-9B03BCD76ADB}"
EndProject
Project("{9A19103F-16F7-4668-BE54-9A1E7A4F7556}") = "P10-CalculaPoupanca", "P10-CalculaPoupanca\P10-CalculaPoupanca.csproj", "{8D862DD3-9250-4002-A1EF-A994C83B1263}"
EndProject
Project("{9A19103F-16F7-4668-BE54-9A1E7A4F7556}") = "P11-CalculaPoupanca2", "P11-CalculaPoupanca2\P11-CalculaPoupanca2.csproj", "{B3248D72-A8C7-4798-972B-71D998A785ED}"
EndProject
Project("{FAE04EC0-301F-11D3-BF4B-00C04F79EFBC}") = "P12-InvestimentoALongoPrazo", "P12-InvestimentoALongoPrazo\P12-InvestimentoALongoPrazo.csproj", "{FD1744D7-A05D-4393-8306-C4727DB2CAAF}"
EndProject
Project("{FAE04EC0-301F-11D3-BF4B-00C04F79EFBC}") = "P13-EncadeandoFor", "P13-EncadeandoFor\P13-EncadeandoFor.csproj", "{6D4981CB-2EBD-4A28-B711-50BA904DBE05}"
EndProject
Project("{FAE04EC0-301F-11D3-BF4B-00C04F79EFBC}") = "Desafio-MultiplosDeTrês", "Desafio-MultiplosDeTrês\Desafio-MultiplosDeTrês.csproj", "{74143081-627B-49AE-846E-04D3D6B88E6D}"
EndProject
Project("{FAE04EC0-301F-11D3-BF4B-00C04F79EFBC}") = "DesafioFatorial", "DesafioFatorial\DesafioFatorial.csproj", "{CAF6D03D-8C15-4CE5-B81E-190FC3FEC130}"
EndProject
Global
	GlobalSection(SolutionConfigurationPlatforms) = preSolution
		Debug|Any CPU = Debug|Any CPU
		Release|Any CPU = Release|Any CPU
	EndGlobalSection
	GlobalSection(ProjectConfigurationPlatforms) = postSolution
		{56D1EB7C-C622-467E-987A-A447DA017C51}.Debug|Any CPU.ActiveCfg = Debug|Any CPU
		{56D1EB7C-C622-467E-987A-A447DA017C51}.Debug|Any CPU.Build.0 = Debug|Any CPU
		{56D1EB7C-C622-467E-987A-A447DA017C51}.Release|Any CPU.ActiveCfg = Release|Any CPU
		{56D1EB7C-C622-467E-987A-A447DA017C51}.Release|Any CPU.Build.0 = Release|Any CPU
		{FEC94881-C7C1-45AB-AD1C-D670AE84E80F}.Debug|Any CPU.ActiveCfg = Debug|Any CPU
		{FEC94881-C7C1-45AB-AD1C-D670AE84E80F}.Debug|Any CPU.Build.0 = Debug|Any CPU
		{FEC94881-C7C1-45AB-AD1C-D670AE84E80F}.Release|Any CPU.ActiveCfg = Release|Any CPU
		{FEC94881-C7C1-45AB-AD1C-D670AE84E80F}.Release|Any CPU.Build.0 = Release|Any CPU
		{621582FA-A654-4783-A21D-44E868DEBB52}.Debug|Any CPU.ActiveCfg = Debug|Any CPU
		{621582FA-A654-4783-A21D-44E868DEBB52}.Debug|Any CPU.Build.0 = Debug|Any CPU
		{621582FA-A654-4783-A21D-44E868DEBB52}.Release|Any CPU.ActiveCfg = Release|Any CPU
		{621582FA-A654-4783-A21D-44E868DEBB52}.Release|Any CPU.Build.0 = Release|Any CPU
		{DF2662CC-E6FE-4059-82FD-A446947D6CBF}.Debug|Any CPU.ActiveCfg = Debug|Any CPU
		{DF2662CC-E6FE-4059-82FD-A446947D6CBF}.Debug|Any CPU.Build.0 = Debug|Any CPU
		{DF2662CC-E6FE-4059-82FD-A446947D6CBF}.Release|Any CPU.ActiveCfg = Release|Any CPU
		{DF2662CC-E6FE-4059-82FD-A446947D6CBF}.Release|Any CPU.Build.0 = Release|Any CPU
		{3E4663DD-65C1-4B79-8311-04A4C2E4B869}.Debug|Any CPU.ActiveCfg = Debug|Any CPU
		{3E4663DD-65C1-4B79-8311-04A4C2E4B869}.Debug|Any CPU.Build.0 = Debug|Any CPU
		{3E4663DD-65C1-4B79-8311-04A4C2E4B869}.Release|Any CPU.ActiveCfg = Release|Any CPU
		{3E4663DD-65C1-4B79-8311-04A4C2E4B869}.Release|Any CPU.Build.0 = Release|Any CPU
		{4252A927-383E-4B86-B8D7-BB52D63E6D30}.Debug|Any CPU.ActiveCfg = Debug|Any CPU
		{4252A927-383E-4B86-B8D7-BB52D63E6D30}.Debug|Any CPU.Build.0 = Debug|Any CPU
		{4252A927-383E-4B86-B8D7-BB52D63E6D30}.Release|Any CPU.ActiveCfg = Release|Any CPU
		{4252A927-383E-4B86-B8D7-BB52D63E6D30}.Release|Any CPU.Build.0 = Release|Any CPU
		{449AAC3E-BB03-4428-A6F0-133E237412E2}.Debug|Any CPU.ActiveCfg = Debug|Any CPU
		{449AAC3E-BB03-4428-A6F0-133E237412E2}.Debug|Any CPU.Build.0 = Debug|Any CPU
		{449AAC3E-BB03-4428-A6F0-133E237412E2}.Release|Any CPU.ActiveCfg = Release|Any CPU
		{449AAC3E-BB03-4428-A6F0-133E237412E2}.Release|Any CPU.Build.0 = Release|Any CPU
		{7D25E119-4AB2-4309-84DE-EA609CC2D089}.Debug|Any CPU.ActiveCfg = Debug|Any CPU
		{7D25E119-4AB2-4309-84DE-EA609CC2D089}.Debug|Any CPU.Build.0 = Debug|Any CPU
		{7D25E119-4AB2-4309-84DE-EA609CC2D089}.Release|Any CPU.ActiveCfg = Release|Any CPU
		{7D25E119-4AB2-4309-84DE-EA609CC2D089}.Release|Any CPU.Build.0 = Release|Any CPU
		{1955D802-9FD6-4B70-AB32-DC1D6FAF1606}.Debug|Any CPU.ActiveCfg = Debug|Any CPU
		{1955D802-9FD6-4B70-AB32-DC1D6FAF1606}.Debug|Any CPU.Build.0 = Debug|Any CPU
		{1955D802-9FD6-4B70-AB32-DC1D6FAF1606}.Release|Any CPU.ActiveCfg = Release|Any CPU
		{1955D802-9FD6-4B70-AB32-DC1D6FAF1606}.Release|Any CPU.Build.0 = Release|Any CPU
		{09BD4507-A9F3-42A9-BBE4-9B03BCD76ADB}.Debug|Any CPU.ActiveCfg = Debug|Any CPU
		{09BD4507-A9F3-42A9-BBE4-9B03BCD76ADB}.Debug|Any CPU.Build.0 = Debug|Any CPU
		{09BD4507-A9F3-42A9-BBE4-9B03BCD76ADB}.Release|Any CPU.ActiveCfg = Release|Any CPU
		{09BD4507-A9F3-42A9-BBE4-9B03BCD76ADB}.Release|Any CPU.Build.0 = Release|Any CPU
		{8D862DD3-9250-4002-A1EF-A994C83B1263}.Debug|Any CPU.ActiveCfg = Debug|Any CPU
		{8D862DD3-9250-4002-A1EF-A994C83B1263}.Debug|Any CPU.Build.0 = Debug|Any CPU
		{8D862DD3-9250-4002-A1EF-A994C83B1263}.Release|Any CPU.ActiveCfg = Release|Any CPU
		{8D862DD3-9250-4002-A1EF-A994C83B1263}.Release|Any CPU.Build.0 = Release|Any CPU
		{B3248D72-A8C7-4798-972B-71D998A785ED}.Debug|Any CPU.ActiveCfg = Debug|Any CPU
		{B3248D72-A8C7-4798-972B-71D998A785ED}.Debug|Any CPU.Build.0 = Debug|Any CPU
		{B3248D72-A8C7-4798-972B-71D998A785ED}.Release|Any CPU.ActiveCfg = Release|Any CPU
		{B3248D72-A8C7-4798-972B-71D998A785ED}.Release|Any CPU.Build.0 = Release|Any CPU
		{FD1744D7-A05D-4393-8306-C4727DB2CAAF}.Debug|Any CPU.ActiveCfg = Debug|Any CPU
		{FD1744D7-A05D-4393-8306-C4727DB2CAAF}.Debug|Any CPU.Build.0 = Debug|Any CPU
		{FD1744D7-A05D-4393-8306-C4727DB2CAAF}.Release|Any CPU.ActiveCfg = Release|Any CPU
		{FD1744D7-A05D-4393-8306-C4727DB2CAAF}.Release|Any CPU.Build.0 = Release|Any CPU
		{6D4981CB-2EBD-4A28-B711-50BA904DBE05}.Debug|Any CPU.ActiveCfg = Debug|Any CPU
		{6D4981CB-2EBD-4A28-B711-50BA904DBE05}.Debug|Any CPU.Build.0 = Debug|Any CPU
		{6D4981CB-2EBD-4A28-B711-50BA904DBE05}.Release|Any CPU.ActiveCfg = Release|Any CPU
		{6D4981CB-2EBD-4A28-B711-50BA904DBE05}.Release|Any CPU.Build.0 = Release|Any CPU
		{74143081-627B-49AE-846E-04D3D6B88E6D}.Debug|Any CPU.ActiveCfg = Debug|Any CPU
		{74143081-627B-49AE-846E-04D3D6B88E6D}.Debug|Any CPU.Build.0 = Debug|Any CPU
		{74143081-627B-49AE-846E-04D3D6B88E6D}.Release|Any CPU.ActiveCfg = Release|Any CPU
		{74143081-627B-49AE-846E-04D3D6B88E6D}.Release|Any CPU.Build.0 = Release|Any CPU
		{CAF6D03D-8C15-4CE5-B81E-190FC3FEC130}.Debug|Any CPU.ActiveCfg = Debug|Any CPU
		{CAF6D03D-8C15-4CE5-B81E-190FC3FEC130}.Debug|Any CPU.Build.0 = Debug|Any CPU
		{CAF6D03D-8C15-4CE5-B81E-190FC3FEC130}.Release|Any CPU.ActiveCfg = Release|Any CPU
		{CAF6D03D-8C15-4CE5-B81E-190FC3FEC130}.Release|Any CPU.Build.0 = Release|Any CPU
	EndGlobalSection
	GlobalSection(SolutionProperties) = preSolution
		HideSolutionNode = FALSE
	EndGlobalSection
	GlobalSection(ExtensibilityGlobals) = postSolution
		SolutionGuid = {5E3D850E-9EBD-42AC-802E-C48BA5E4B85F}
	EndGlobalSection
EndGlobal
